
Microsoft Visual Studio Solution File, Format Version 12.00
# Visual Studio Version 17
VisualStudioVersion = 17.3.32922.545
MinimumVisualStudioVersion = 10.0.40219.1
Project("{FAE04EC0-301F-11D3-BF4B-00C04F79EFBC}") = "LogicOperations09102022", "LogicOperations09102022\LogicOperations09102022.csproj", "{B0483E65-FE42-44C2-9C3E-F06F73FCD13B}"
EndProject
Global
	GlobalSection(SolutionConfigurationPlatforms) = preSolution
		Debug|Any CPU = Debug|Any CPU
		Release|Any CPU = Release|Any CPU
	EndGlobalSection
	GlobalSection(ProjectConfigurationPlatforms) = postSolution
		{B0483E65-FE42-44C2-9C3E-F06F73FCD13B}.Debug|Any CPU.ActiveCfg = Debug|Any CPU
		{B0483E65-FE42-44C2-9C3E-F06F73FCD13B}.Debug|Any CPU.Build.0 = Debug|Any CPU
		{B0483E65-FE42-44C2-9C3E-F06F73FCD13B}.Release|Any CPU.ActiveCfg = Release|Any CPU
		{B0483E65-FE42-44C2-9C3E-F06F73FCD13B}.Release|Any CPU.Build.0 = Release|Any CPU
	EndGlobalSection
	GlobalSection(SolutionProperties) = preSolution
		HideSolutionNode = FALSE
	EndGlobalSection
	GlobalSection(ExtensibilityGlobals) = postSolution
		SolutionGuid = {19B0B7B0-3644-4DF9-87FA-875A933EF985}
	EndGlobalSection
EndGlobal
